<?xml version="1.0" encoding="utf-8"?>
<Project ToolsVersion="4.0" xmlns="http://schemas.microsoft.com/developer/msbuild/2003">
  <ItemGroup>
    <Filter Include="Source Files">
      <UniqueIdentifier>{4FC737F1-C7A5-4376-A066-2A32D752A2FF}</UniqueIdentifier>
      <Extensions>cpp;c;cc;cxx;def;odl;idl;hpj;bat;asm;asmx</Extensions>
    </Filter>
    <Filter Include="Header Files">
      <UniqueIdentifier>{93995380-89BD-4b04-88EB-625FBE52EBFB}</UniqueIdentifier>
      <Extensions>h;hh;hpp;hxx;hm;inl;inc;xsd</Extensions>
    </Filter>
    <Filter Include="Resource Files">
      <UniqueIdentifier>{67DA6AB6-F800-4c08-8B7A-83BB121AAD01}</UniqueIdentifier>
      <Extensions>rc;ico;cur;bmp;dlg;rc2;rct;bin;rgs;gif;jpg;jpeg;jpe;resx;tiff;tif;png;wav;mfcribbon-ms</Extensions>
    </Filter>
    <Filter Include="Resource Files\Images">
      <UniqueIdentifier>{8c3fd56f-225e-441c-97a5-4e1a3be3571a}</UniqueIdentifier>
    </Filter>
    <Filter Include="Resource Files\Histograms">
      <UniqueIdentifier>{34ff3a01-4b4e-40cb-9097-4858543f2019}</UniqueIdentifier>
    </Filter>
  </ItemGroup>
  <ItemGroup>
    <ClCompile Include="imageIO.cpp">
      <Filter>Source Files</Filter>
    </ClCompile>
    <ClCompile Include="lodepng.cpp">
      <Filter>Source Files</Filter>
    </ClCompile>
    <ClCompile Include="main.cpp">
      <Filter>Source Files</Filter>
    </ClCompile>
    <ClCompile Include="imageProcessor.cpp">
      <Filter>Source Files</Filter>
    </ClCompile>
  </ItemGroup>
  <ItemGroup>
    <ClInclude Include="imageIO.h">
      <Filter>Header Files</Filter>
    </ClInclude>
    <ClInclude Include="lodepng.h">
      <Filter>Header Files</Filter>
    </ClInclude>
    <ClInclude Include="imageProcessor.h">
      <Filter>Header Files</Filter>
    </ClInclude>
  </ItemGroup>
  <ItemGroup>
    <Image Include="Apples\Braeburn.png">
      <Filter>Resource Files\Images</Filter>
    </Image>
    <Image Include="Apples\Courtland.png">
      <Filter>Resource Files\Images</Filter>
    </Image>
    <Image Include="Apples\Fuji.png">
      <Filter>Resource Files\Images</Filter>
    </Image>
    <Image Include="Apples\Gala.png">
      <Filter>Resource Files\Images</Filter>
    </Image>
    <Image Include="Apples\Ginger-Gold.png">
      <Filter>Resource Files\Images</Filter>
    </Image>
    <Image Include="Apples\Golden-Delicious.png">
      <Filter>Resource Files\Images</Filter>
    </Image>
    <Image Include="Apples\Granny-Smith.png">
      <Filter>Resource Files\Images</Filter>
    </Image>
    <Image Include="Apples\Honeycrisp.png">
      <Filter>Resource Files\Images</Filter>
    </Image>
    <Image Include="Apples\Jonagold.png">
      <Filter>Resource Files\Images</Filter>
    </Image>
    <Image Include="Apples\Jonathan.png">
      <Filter>Resource Files\Images</Filter>
    </Image>
    <Image Include="Apples\McIntosh.png">
      <Filter>Resource Files\Images</Filter>
    </Image>
    <Image Include="Apples\Pacific-Rose.png">
      <Filter>Resource Files\Images</Filter>
    </Image>
    <Image Include="Apples\Paula-Red.png">
      <Filter>Resource Files\Images</Filter>
    </Image>
    <Image Include="Apples\Red-Delicious.png">
      <Filter>Resource Files\Images</Filter>
    </Image>
  </ItemGroup>
  <ItemGroup>
    <Text Include="Apples\Braeburn.txt">
      <Filter>Resource Files\Histograms</Filter>
    </Text>
    <Text Include="Apples\Courtland.txt">
      <Filter>Resource Files\Histograms</Filter>
    </Text>
    <Text Include="Apples\Fuji.txt">
      <Filter>Resource Files\Histograms</Filter>
    </Text>
    <Text Include="Apples\Gala.txt">
      <Filter>Resource Files\Histograms</Filter>
    </Text>
    <Text Include="Apples\Ginger-Gold.txt">
      <Filter>Resource Files\Histograms</Filter>
    </Text>
    <Text Include="Apples\Golden-Delicious.txt">
      <Filter>Resource Files\Histograms</Filter>
    </Text>
    <Text Include="Apples\Granny-Smith.txt">
      <Filter>Resource Files\Histograms</Filter>
    </Text>
    <Text Include="Apples\Honeycrisp.txt">
      <Filter>Resource Files\Histograms</Filter>
    </Text>
    <Text Include="Apples\Jonagold.txt">
      <Filter>Resource Files\Histograms</Filter>
    </Text>
    <Text Include="Apples\Jonathan.txt">
      <Filter>Resource Files\Histograms</Filter>
    </Text>
    <Text Include="Apples\McIntosh.txt">
      <Filter>Resource Files\Histograms</Filter>
    </Text>
    <Text Include="Apples\Pacific-Rose.txt">
      <Filter>Resource Files\Histograms</Filter>
    </Text>
    <Text Include="Apples\Paula-Red.txt">
      <Filter>Resource Files\Histograms</Filter>
    </Text>
    <Text Include="Apples\Red-Delicious.txt">
      <Filter>Resource Files\Histograms</Filter>
    </Text>
  </ItemGroup>
</Project>